
Microsoft Visual Studio Solution File, Format Version 12.00
# Visual Studio 15
Project("{FAE04EC0-301F-11D3-BF4B-00C04F79EFBC}") = "ExamenPoo", "ExamenPoo\ExamenPoo.csproj", "{0C10A365-3BFF-494F-B25B-5CC08AA3EFC0}"
EndProject
Global
	GlobalSection(SolutionConfigurationPlatforms) = preSolution
		Debug|anycpu = Debug|anycpu
		Release|anycpu = Release|anycpu
	EndGlobalSection
	GlobalSection(ProjectConfigurationPlatforms) = postSolution
		{0C10A365-3BFF-494F-B25B-5CC08AA3EFC0}.Debug|anycpu.ActiveCfg = Debug|anycpu
		{0C10A365-3BFF-494F-B25B-5CC08AA3EFC0}.Debug|anycpu.Build.0 = Debug|anycpu
		{0C10A365-3BFF-494F-B25B-5CC08AA3EFC0}.Release|anycpu.ActiveCfg = Release|anycpu
		{0C10A365-3BFF-494F-B25B-5CC08AA3EFC0}.Release|anycpu.Build.0 = Release|anycpu
	EndGlobalSection
EndGlobal
